
Microsoft Visual Studio Solution File, Format Version 12.00
# Visual Studio Version 16
VisualStudioVersion = 16.0.30413.136
MinimumVisualStudioVersion = 10.0.40219.1
Project("{8BC9CEB8-8B4A-11D0-8D11-00A0C91BC942}") = "Sebastian_Falk_Lium", "Sebastian_Falk_Lium\Sebastian_Falk_Lium.vcxproj", "{13F8FD0D-0CAD-4AFB-94DD-A0B63D34572C}"
EndProject
Global
	GlobalSection(SolutionConfigurationPlatforms) = preSolution
		Debug|x64 = Debug|x64
		Debug|x86 = Debug|x86
		Release|x64 = Release|x64
		Release|x86 = Release|x86
	EndGlobalSection
	GlobalSection(ProjectConfigurationPlatforms) = postSolution
		{13F8FD0D-0CAD-4AFB-94DD-A0B63D34572C}.Debug|x64.ActiveCfg = Debug|x64
		{13F8FD0D-0CAD-4AFB-94DD-A0B63D34572C}.Debug|x64.Build.0 = Debug|x64
		{13F8FD0D-0CAD-4AFB-94DD-A0B63D34572C}.Debug|x86.ActiveCfg = Debug|Win32
		{13F8FD0D-0CAD-4AFB-94DD-A0B63D34572C}.Debug|x86.Build.0 = Debug|Win32
		{13F8FD0D-0CAD-4AFB-94DD-A0B63D34572C}.Release|x64.ActiveCfg = Release|x64
		{13F8FD0D-0CAD-4AFB-94DD-A0B63D34572C}.Release|x64.Build.0 = Release|x64
		{13F8FD0D-0CAD-4AFB-94DD-A0B63D34572C}.Release|x86.ActiveCfg = Release|Win32
		{13F8FD0D-0CAD-4AFB-94DD-A0B63D34572C}.Release|x86.Build.0 = Release|Win32
	EndGlobalSection
	GlobalSection(SolutionProperties) = preSolution
		HideSolutionNode = FALSE
	EndGlobalSection
	GlobalSection(ExtensibilityGlobals) = postSolution
		SolutionGuid = {98AADDB2-50C4-4A28-A89A-1C6E880D8C82}
	EndGlobalSection
EndGlobal
